
Microsoft Visual Studio Solution File, Format Version 12.00
# Visual Studio Version 17
VisualStudioVersion = 17.11.34929.205
MinimumVisualStudioVersion = 10.0.40219.1
Project("{FAE04EC0-301F-11D3-BF4B-00C04F79EFBC}") = "MHTools", "MHTools.csproj", "{EBDA6626-5C37-485D-B931-81BCC5F221F7}"
EndProject
Global
	GlobalSection(SolutionConfigurationPlatforms) = preSolution
		Debug|Any CPU = Debug|Any CPU
		Release|Any CPU = Release|Any CPU
	EndGlobalSection
	GlobalSection(ProjectConfigurationPlatforms) = postSolution
		{EBDA6626-5C37-485D-B931-81BCC5F221F7}.Debug|Any CPU.ActiveCfg = Debug|Any CPU
		{EBDA6626-5C37-485D-B931-81BCC5F221F7}.Debug|Any CPU.Build.0 = Debug|Any CPU
		{EBDA6626-5C37-485D-B931-81BCC5F221F7}.Release|Any CPU.ActiveCfg = Release|Any CPU
		{EBDA6626-5C37-485D-B931-81BCC5F221F7}.Release|Any CPU.Build.0 = Release|Any CPU
	EndGlobalSection
	GlobalSection(SolutionProperties) = preSolution
		HideSolutionNode = FALSE
	EndGlobalSection
	GlobalSection(ExtensibilityGlobals) = postSolution
		SolutionGuid = {83DFEDD7-B3F2-4207-B73E-A03581F32E25}
	EndGlobalSection
EndGlobal
